
Microsoft Visual Studio Solution File, Format Version 12.00
# Visual Studio Version 16
VisualStudioVersion = 16.0.30907.101
MinimumVisualStudioVersion = 10.0.40219.1
Project("{FAE04EC0-301F-11D3-BF4B-00C04F79EFBC}") = "GetStartedWPF", "PR5_1\GetStartedWPF.csproj", "{95F8A02A-1184-49B4-8D03-6BB4AC1BD100}"
EndProject
Global
	GlobalSection(SolutionConfigurationPlatforms) = preSolution
		Debug|Any CPU = Debug|Any CPU
		Release|Any CPU = Release|Any CPU
	EndGlobalSection
	GlobalSection(ProjectConfigurationPlatforms) = postSolution
		{95F8A02A-1184-49B4-8D03-6BB4AC1BD100}.Debug|Any CPU.ActiveCfg = Debug|Any CPU
		{95F8A02A-1184-49B4-8D03-6BB4AC1BD100}.Debug|Any CPU.Build.0 = Debug|Any CPU
		{95F8A02A-1184-49B4-8D03-6BB4AC1BD100}.Release|Any CPU.ActiveCfg = Release|Any CPU
		{95F8A02A-1184-49B4-8D03-6BB4AC1BD100}.Release|Any CPU.Build.0 = Release|Any CPU
	EndGlobalSection
	GlobalSection(SolutionProperties) = preSolution
		HideSolutionNode = FALSE
	EndGlobalSection
	GlobalSection(ExtensibilityGlobals) = postSolution
		SolutionGuid = {6AB9FE36-4B17-4EF0-BF33-AB5C308B6505}
	EndGlobalSection
EndGlobal
